
Microsoft Visual Studio Solution File, Format Version 12.00
# Visual Studio Version 17
VisualStudioVersion = 17.8.34525.116
MinimumVisualStudioVersion = 10.0.40219.1
Project("{FAE04EC0-301F-11D3-BF4B-00C04F79EFBC}") = "converter1", "converter1.csproj", "{B3004141-9006-4718-AACB-A723A708B9AB}"
EndProject
Global
	GlobalSection(SolutionConfigurationPlatforms) = preSolution
		Debug|Any CPU = Debug|Any CPU
		Release|Any CPU = Release|Any CPU
	EndGlobalSection
	GlobalSection(ProjectConfigurationPlatforms) = postSolution
		{B3004141-9006-4718-AACB-A723A708B9AB}.Debug|Any CPU.ActiveCfg = Debug|Any CPU
		{B3004141-9006-4718-AACB-A723A708B9AB}.Debug|Any CPU.Build.0 = Debug|Any CPU
		{B3004141-9006-4718-AACB-A723A708B9AB}.Release|Any CPU.ActiveCfg = Release|Any CPU
		{B3004141-9006-4718-AACB-A723A708B9AB}.Release|Any CPU.Build.0 = Release|Any CPU
	EndGlobalSection
	GlobalSection(SolutionProperties) = preSolution
		HideSolutionNode = FALSE
	EndGlobalSection
	GlobalSection(ExtensibilityGlobals) = postSolution
		SolutionGuid = {BE23FDCE-AC90-4B34-BE77-7C058B7D153C}
	EndGlobalSection
EndGlobal
