
Microsoft Visual Studio Solution File, Format Version 12.00
# Visual Studio Version 17
VisualStudioVersion = 17.8.34525.116
MinimumVisualStudioVersion = 10.0.40219.1
Project("{FAE04EC0-301F-11D3-BF4B-00C04F79EFBC}") = "Recursion", "Recursion.csproj", "{F4F07C27-FCCE-44C8-BC6B-15A6D4322A28}"
EndProject
Global
	GlobalSection(SolutionConfigurationPlatforms) = preSolution
		Debug|Any CPU = Debug|Any CPU
		Release|Any CPU = Release|Any CPU
	EndGlobalSection
	GlobalSection(ProjectConfigurationPlatforms) = postSolution
		{F4F07C27-FCCE-44C8-BC6B-15A6D4322A28}.Debug|Any CPU.ActiveCfg = Debug|Any CPU
		{F4F07C27-FCCE-44C8-BC6B-15A6D4322A28}.Debug|Any CPU.Build.0 = Debug|Any CPU
		{F4F07C27-FCCE-44C8-BC6B-15A6D4322A28}.Release|Any CPU.ActiveCfg = Release|Any CPU
		{F4F07C27-FCCE-44C8-BC6B-15A6D4322A28}.Release|Any CPU.Build.0 = Release|Any CPU
	EndGlobalSection
	GlobalSection(SolutionProperties) = preSolution
		HideSolutionNode = FALSE
	EndGlobalSection
	GlobalSection(ExtensibilityGlobals) = postSolution
		SolutionGuid = {4B2E5037-5297-4C43-80B6-CA84BE2DF86A}
	EndGlobalSection
EndGlobal
