
Microsoft Visual Studio Solution File, Format Version 12.00
# Visual Studio Version 17
VisualStudioVersion = 17.9.34728.123
MinimumVisualStudioVersion = 10.0.40219.1
Project("{9A19103F-16F7-4668-BE54-9A1E7A4F7556}") = "DevSkill.Inventory.Web", "DevSkill.Inventory.Web\DevSkill.Inventory.Web.csproj", "{8BBFD8CB-612C-45ED-BA90-41C9B30910F3}"
EndProject
Project("{FAE04EC0-301F-11D3-BF4B-00C04F79EFBC}") = "DevSkill.Inventory.Application", "DevSkill.Inventory.Application\DevSkill.Inventory.Application.csproj", "{2C81985E-F671-4E91-A0E2-E4ACDBDE191F}"
EndProject
Project("{FAE04EC0-301F-11D3-BF4B-00C04F79EFBC}") = "DevSkill.Inventory.Domain", "DevSkill.Inventory.Domain\DevSkill.Inventory.Domain.csproj", "{C46ACED7-8EAC-4EDF-9D24-CF629897620F}"
EndProject
Project("{FAE04EC0-301F-11D3-BF4B-00C04F79EFBC}") = "DevSkill.Inventory.Infrastructutre", "DevSkill.Inventory.Infrastructutre\DevSkill.Inventory.Infrastructutre.csproj", "{6E6783AD-4491-4382-AD04-0DC899B0FDDB}"
EndProject
Global
	GlobalSection(SolutionConfigurationPlatforms) = preSolution
		Debug|Any CPU = Debug|Any CPU
		Release|Any CPU = Release|Any CPU
	EndGlobalSection
	GlobalSection(ProjectConfigurationPlatforms) = postSolution
		{8BBFD8CB-612C-45ED-BA90-41C9B30910F3}.Debug|Any CPU.ActiveCfg = Debug|Any CPU
		{8BBFD8CB-612C-45ED-BA90-41C9B30910F3}.Debug|Any CPU.Build.0 = Debug|Any CPU
		{8BBFD8CB-612C-45ED-BA90-41C9B30910F3}.Release|Any CPU.ActiveCfg = Release|Any CPU
		{8BBFD8CB-612C-45ED-BA90-41C9B30910F3}.Release|Any CPU.Build.0 = Release|Any CPU
		{2C81985E-F671-4E91-A0E2-E4ACDBDE191F}.Debug|Any CPU.ActiveCfg = Debug|Any CPU
		{2C81985E-F671-4E91-A0E2-E4ACDBDE191F}.Debug|Any CPU.Build.0 = Debug|Any CPU
		{2C81985E-F671-4E91-A0E2-E4ACDBDE191F}.Release|Any CPU.ActiveCfg = Release|Any CPU
		{2C81985E-F671-4E91-A0E2-E4ACDBDE191F}.Release|Any CPU.Build.0 = Release|Any CPU
		{C46ACED7-8EAC-4EDF-9D24-CF629897620F}.Debug|Any CPU.ActiveCfg = Debug|Any CPU
		{C46ACED7-8EAC-4EDF-9D24-CF629897620F}.Debug|Any CPU.Build.0 = Debug|Any CPU
		{C46ACED7-8EAC-4EDF-9D24-CF629897620F}.Release|Any CPU.ActiveCfg = Release|Any CPU
		{C46ACED7-8EAC-4EDF-9D24-CF629897620F}.Release|Any CPU.Build.0 = Release|Any CPU
		{6E6783AD-4491-4382-AD04-0DC899B0FDDB}.Debug|Any CPU.ActiveCfg = Debug|Any CPU
		{6E6783AD-4491-4382-AD04-0DC899B0FDDB}.Debug|Any CPU.Build.0 = Debug|Any CPU
		{6E6783AD-4491-4382-AD04-0DC899B0FDDB}.Release|Any CPU.ActiveCfg = Release|Any CPU
		{6E6783AD-4491-4382-AD04-0DC899B0FDDB}.Release|Any CPU.Build.0 = Release|Any CPU
	EndGlobalSection
	GlobalSection(SolutionProperties) = preSolution
		HideSolutionNode = FALSE
	EndGlobalSection
	GlobalSection(ExtensibilityGlobals) = postSolution
		SolutionGuid = {30804D33-8A5F-461B-93A4-EB8D0ABDFEDC}
	EndGlobalSection
EndGlobal
