
Microsoft Visual Studio Solution File, Format Version 12.00
# Visual Studio Version 17
VisualStudioVersion = 17.14.36705.20 d17.14
MinimumVisualStudioVersion = 10.0.40219.1
Project("{FAE04EC0-301F-11D3-BF4B-00C04F79EFBC}") = "PaymentStatusDispatcher", "PaymentStatusDispatcher\PaymentStatusDispatcher.csproj", "{99D6F0DD-FE15-453A-BDF2-69046CBE66D0}"
EndProject
Global
	GlobalSection(SolutionConfigurationPlatforms) = preSolution
		Debug|Any CPU = Debug|Any CPU
		Release|Any CPU = Release|Any CPU
	EndGlobalSection
	GlobalSection(ProjectConfigurationPlatforms) = postSolution
		{99D6F0DD-FE15-453A-BDF2-69046CBE66D0}.Debug|Any CPU.ActiveCfg = Debug|Any CPU
		{99D6F0DD-FE15-453A-BDF2-69046CBE66D0}.Debug|Any CPU.Build.0 = Debug|Any CPU
		{99D6F0DD-FE15-453A-BDF2-69046CBE66D0}.Release|Any CPU.ActiveCfg = Release|Any CPU
		{99D6F0DD-FE15-453A-BDF2-69046CBE66D0}.Release|Any CPU.Build.0 = Release|Any CPU
	EndGlobalSection
	GlobalSection(SolutionProperties) = preSolution
		HideSolutionNode = FALSE
	EndGlobalSection
	GlobalSection(ExtensibilityGlobals) = postSolution
		SolutionGuid = {477EFBFD-522B-4407-994F-FE231910DDE4}
	EndGlobalSection
EndGlobal
